
Microsoft Visual Studio Solution File, Format Version 12.00
# Visual Studio Version 17
VisualStudioVersion = 17.8.34322.80
MinimumVisualStudioVersion = 10.0.40219.1
Project("{FAE04EC0-301F-11D3-BF4B-00C04F79EFBC}") = "Task4Attempt2", "Task4Attempt2.csproj", "{4257ADFF-F961-4BAD-A40F-EA05D4336D2D}"
EndProject
Global
	GlobalSection(SolutionConfigurationPlatforms) = preSolution
		Debug|Any CPU = Debug|Any CPU
		Release|Any CPU = Release|Any CPU
	EndGlobalSection
	GlobalSection(ProjectConfigurationPlatforms) = postSolution
		{4257ADFF-F961-4BAD-A40F-EA05D4336D2D}.Debug|Any CPU.ActiveCfg = Debug|Any CPU
		{4257ADFF-F961-4BAD-A40F-EA05D4336D2D}.Debug|Any CPU.Build.0 = Debug|Any CPU
		{4257ADFF-F961-4BAD-A40F-EA05D4336D2D}.Release|Any CPU.ActiveCfg = Release|Any CPU
		{4257ADFF-F961-4BAD-A40F-EA05D4336D2D}.Release|Any CPU.Build.0 = Release|Any CPU
	EndGlobalSection
	GlobalSection(SolutionProperties) = preSolution
		HideSolutionNode = FALSE
	EndGlobalSection
	GlobalSection(ExtensibilityGlobals) = postSolution
		SolutionGuid = {CB83DB6E-AD19-4428-8A7C-73D87ECE46F6}
	EndGlobalSection
EndGlobal
